// !$*UTF8*$!
{
	archiveVersion = 1;
	classes = {
	};
	objectVersion = 50;
	objects = {

/* Begin PBXBuildFile section */
		31E4228F247FC4BC008E896E /* AppDelegate.swift in Sources */ = {isa = PBXBuildFile; fileRef = 31E4228E247FC4BC008E896E /* AppDelegate.swift */; };
		31E42293247FC4BC008E896E /* ViewController.swift in Sources */ = {isa = PBXBuildFile; fileRef = 31E42292247FC4BC008E896E /* ViewController.swift */; };
		31E42296247FC4BC008E896E /* Main.storyboard in Resources */ = {isa = PBXBuildFile; fileRef = 31E42294247FC4BC008E896E /* Main.storyboard */; };
		31E42298247FC4BC008E896E /* Assets.xcassets in Resources */ = {isa = PBXBuildFile; fileRef = 31E42297247FC4BC008E896E /* Assets.xcassets */; };
		31E4229B247FC4BC008E896E /* LaunchScreen.storyboard in Resources */ = {isa = PBXBuildFile; fileRef = 31E42299247FC4BC008E896E /* LaunchScreen.storyboard */; };
		31E422A6247FC900008E896E /* ProjectOneVC.swift in Sources */ = {isa = PBXBuildFile; fileRef = 31E422A5247FC900008E896E /* ProjectOneVC.swift */; };
		31E422B2247FCBCE008E896E /* nssl0091.jpg in Resources */ = {isa = PBXBuildFile; fileRef = 31E422A8247FCBCD008E896E /* nssl0091.jpg */; };
		31E422B3247FCBCE008E896E /* nssl0042.jpg in Resources */ = {isa = PBXBuildFile; fileRef = 31E422A9247FCBCD008E896E /* nssl0042.jpg */; };
		31E422B4247FCBCE008E896E /* nssl0043.jpg in Resources */ = {isa = PBXBuildFile; fileRef = 31E422AA247FCBCD008E896E /* nssl0043.jpg */; };
		31E422B5247FCBCE008E896E /* nssl0051.jpg in Resources */ = {isa = PBXBuildFile; fileRef = 31E422AB247FCBCD008E896E /* nssl0051.jpg */; };
		31E422B6247FCBCE008E896E /* nssl0034.jpg in Resources */ = {isa = PBXBuildFile; fileRef = 31E422AC247FCBCD008E896E /* nssl0034.jpg */; };
		31E422B7247FCBCE008E896E /* nssl0049.jpg in Resources */ = {isa = PBXBuildFile; fileRef = 31E422AD247FCBCE008E896E /* nssl0049.jpg */; };
		31E422B8247FCBCE008E896E /* nssl0041.jpg in Resources */ = {isa = PBXBuildFile; fileRef = 31E422AE247FCBCE008E896E /* nssl0041.jpg */; };
		31E422B9247FCBCE008E896E /* nssl0033.jpg in Resources */ = {isa = PBXBuildFile; fileRef = 31E422AF247FCBCE008E896E /* nssl0033.jpg */; };
		31E422BA247FCBCE008E896E /* nssl0045.jpg in Resources */ = {isa = PBXBuildFile; fileRef = 31E422B0247FCBCE008E896E /* nssl0045.jpg */; };
		31E422BB247FCBCE008E896E /* nssl0046.jpg in Resources */ = {isa = PBXBuildFile; fileRef = 31E422B1247FCBCE008E896E /* nssl0046.jpg */; };
		31E422BD247FDD1E008E896E /* DetailsVC.swift in Sources */ = {isa = PBXBuildFile; fileRef = 31E422BC247FDD1E008E896E /* DetailsVC.swift */; };
/* End PBXBuildFile section */

/* Begin PBXFileReference section */
		31E4228B247FC4BC008E896E /* HackingWithSwiftProjects.app */ = {isa = PBXFileReference; explicitFileType = wrapper.application; includeInIndex = 0; path = HackingWithSwiftProjects.app; sourceTree = BUILT_PRODUCTS_DIR; };
		31E4228E247FC4BC008E896E /* AppDelegate.swift */ = {isa = PBXFileReference; lastKnownFileType = sourcecode.swift; path = AppDelegate.swift; sourceTree = "<group>"; };
		31E42292247FC4BC008E896E /* ViewController.swift */ = {isa = PBXFileReference; lastKnownFileType = sourcecode.swift; path = ViewController.swift; sourceTree = "<group>"; };
		31E42295247FC4BC008E896E /* Base */ = {isa = PBXFileReference; lastKnownFileType = file.storyboard; name = Base; path = Base.lproj/Main.storyboard; sourceTree = "<group>"; };
		31E42297247FC4BC008E896E /* Assets.xcassets */ = {isa = PBXFileReference; lastKnownFileType = folder.assetcatalog; path = Assets.xcassets; sourceTree = "<group>"; };
		31E4229A247FC4BC008E896E /* Base */ = {isa = PBXFileReference; lastKnownFileType = file.storyboard; name = Base; path = Base.lproj/LaunchScreen.storyboard; sourceTree = "<group>"; };
		31E4229C247FC4BC008E896E /* Info.plist */ = {isa = PBXFileReference; lastKnownFileType = text.plist.xml; path = Info.plist; sourceTree = "<group>"; };
		31E422A5247FC900008E896E /* ProjectOneVC.swift */ = {isa = PBXFileReference; lastKnownFileType = sourcecode.swift; path = ProjectOneVC.swift; sourceTree = "<group>"; };
		31E422A8247FCBCD008E896E /* nssl0091.jpg */ = {isa = PBXFileReference; lastKnownFileType = image.jpeg; path = nssl0091.jpg; sourceTree = "<group>"; };
		31E422A9247FCBCD008E896E /* nssl0042.jpg */ = {isa = PBXFileReference; lastKnownFileType = image.jpeg; path = nssl0042.jpg; sourceTree = "<group>"; };
		31E422AA247FCBCD008E896E /* nssl0043.jpg */ = {isa = PBXFileReference; lastKnownFileType = image.jpeg; path = nssl0043.jpg; sourceTree = "<group>"; };
		31E422AB247FCBCD008E896E /* nssl0051.jpg */ = {isa = PBXFileReference; lastKnownFileType = image.jpeg; path = nssl0051.jpg; sourceTree = "<group>"; };
		31E422AC247FCBCD008E896E /* nssl0034.jpg */ = {isa = PBXFileReference; lastKnownFileType = image.jpeg; path = nssl0034.jpg; sourceTree = "<group>"; };
		31E422AD247FCBCE008E896E /* nssl0049.jpg */ = {isa = PBXFileReference; lastKnownFileType = image.jpeg; path = nssl0049.jpg; sourceTree = "<group>"; };
		31E422AE247FCBCE008E896E /* nssl0041.jpg */ = {isa = PBXFileReference; lastKnownFileType = image.jpeg; path = nssl0041.jpg; sourceTree = "<group>"; };
		31E422AF247FCBCE008E896E /* nssl0033.jpg */ = {isa = PBXFileReference; lastKnownFileType = image.jpeg; path = nssl0033.jpg; sourceTree = "<group>"; };
		31E422B0247FCBCE008E896E /* nssl0045.jpg */ = {isa = PBXFileReference; lastKnownFileType = image.jpeg; path = nssl0045.jpg; sourceTree = "<group>"; };
		31E422B1247FCBCE008E896E /* nssl0046.jpg */ = {isa = PBXFileReference; lastKnownFileType = image.jpeg; path = nssl0046.jpg; sourceTree = "<group>"; };
		31E422BC247FDD1E008E896E /* DetailsVC.swift */ = {isa = PBXFileReference; lastKnownFileType = sourcecode.swift; path = DetailsVC.swift; sourceTree = "<group>"; };
/* End PBXFileReference section */

/* Begin PBXFrameworksBuildPhase section */
		31E42288247FC4BC008E896E /* Frameworks */ = {
			isa = PBXFrameworksBuildPhase;
			buildActionMask = 2147483647;
			files = (
			);
			runOnlyForDeploymentPostprocessing = 0;
		};
/* End PBXFrameworksBuildPhase section */

/* Begin PBXGroup section */
		31E42282247FC4BC008E896E = {
			isa = PBXGroup;
			children = (
				31E4228D247FC4BC008E896E /* HackingWithSwiftProjects */,
				31E4228C247FC4BC008E896E /* Products */,
			);
			sourceTree = "<group>";
		};
		31E4228C247FC4BC008E896E /* Products */ = {
			isa = PBXGroup;
			children = (
				31E4228B247FC4BC008E896E /* HackingWithSwiftProjects.app */,
			);
			name = Products;
			sourceTree = "<group>";
		};
		31E4228D247FC4BC008E896E /* HackingWithSwiftProjects */ = {
			isa = PBXGroup;
			children = (
				31E422A7247FCBBE008E896E /* Content */,
				31E422A4247FC8DE008E896E /* Controllers */,
				31E4228E247FC4BC008E896E /* AppDelegate.swift */,
				31E42292247FC4BC008E896E /* ViewController.swift */,
				31E42294247FC4BC008E896E /* Main.storyboard */,
				31E42297247FC4BC008E896E /* Assets.xcassets */,
				31E42299247FC4BC008E896E /* LaunchScreen.storyboard */,
				31E4229C247FC4BC008E896E /* Info.plist */,
			);
			path = HackingWithSwiftProjects;
			sourceTree = "<group>";
		};
		31E422A4247FC8DE008E896E /* Controllers */ = {
			isa = PBXGroup;
			children = (
				31E422A5247FC900008E896E /* ProjectOneVC.swift */,
				31E422BC247FDD1E008E896E /* DetailsVC.swift */,
			);
			path = Controllers;
			sourceTree = "<group>";
		};
		31E422A7247FCBBE008E896E /* Content */ = {
			isa = PBXGroup;
			children = (
				31E422AF247FCBCE008E896E /* nssl0033.jpg */,
				31E422AC247FCBCD008E896E /* nssl0034.jpg */,
				31E422AE247FCBCE008E896E /* nssl0041.jpg */,
				31E422A9247FCBCD008E896E /* nssl0042.jpg */,
				31E422AA247FCBCD008E896E /* nssl0043.jpg */,
				31E422B0247FCBCE008E896E /* nssl0045.jpg */,
				31E422B1247FCBCE008E896E /* nssl0046.jpg */,
				31E422AD247FCBCE008E896E /* nssl0049.jpg */,
				31E422AB247FCBCD008E896E /* nssl0051.jpg */,
				31E422A8247FCBCD008E896E /* nssl0091.jpg */,
			);
			path = Content;
			sourceTree = "<group>";
		};
/* End PBXGroup section */

/* Begin PBXNativeTarget section */
		31E4228A247FC4BC008E896E /* HackingWithSwiftProjects */ = {
			isa = PBXNativeTarget;
			buildConfigurationList = 31E4229F247FC4BC008E896E /* Build configuration list for PBXNativeTarget "HackingWithSwiftProjects" */;
			buildPhases = (
				31E42287247FC4BC008E896E /* Sources */,
				31E42288247FC4BC008E896E /* Frameworks */,
				31E42289247FC4BC008E896E /* Resources */,
			);
			buildRules = (
			);
			dependencies = (
			);
			name = HackingWithSwiftProjects;
			productName = HackingWithSwiftProjects;
			productReference = 31E4228B247FC4BC008E896E /* HackingWithSwiftProjects.app */;
			productType = "com.apple.product-type.application";
		};
/* End PBXNativeTarget section */

/* Begin PBXProject section */
		31E42283247FC4BC008E896E /* Project object */ = {
			isa = PBXProject;
			attributes = {
				LastSwiftUpdateCheck = 1150;
				LastUpgradeCheck = 1150;
				ORGANIZATIONNAME = "Ahmed Abuelmagd";
				TargetAttributes = {
					31E4228A247FC4BC008E896E = {
						CreatedOnToolsVersion = 11.5;
					};
				};
			};
			buildConfigurationList = 31E42286247FC4BC008E896E /* Build configuration list for PBXProject "HackingWithSwiftProjects" */;
			compatibilityVersion = "Xcode 9.3";
			developmentRegion = en;
			hasScannedForEncodings = 0;
			knownRegions = (
				en,
				Base,
			);
			mainGroup = 31E42282247FC4BC008E896E;
			productRefGroup = 31E4228C247FC4BC008E896E /* Products */;
			projectDirPath = "";
			projectRoot = "";
			targets = (
				31E4228A247FC4BC008E896E /* HackingWithSwiftProjects */,
			);
		};
/* End PBXProject section */

/* Begin PBXResourcesBuildPhase section */
		31E42289247FC4BC008E896E /* Resources */ = {
			isa = PBXResourcesBuildPhase;
			buildActionMask = 2147483647;
			files = (
				31E422B8247FCBCE008E896E /* nssl0041.jpg in Resources */,
				31E422B9247FCBCE008E896E /* nssl0033.jpg in Resources */,
				31E422B3247FCBCE008E896E /* nssl0042.jpg in Resources */,
				31E422B5247FCBCE008E896E /* nssl0051.jpg in Resources */,
				31E422BB247FCBCE008E896E /* nssl0046.jpg in Resources */,
				31E422BA247FCBCE008E896E /* nssl0045.jpg in Resources */,
				31E422B6247FCBCE008E896E /* nssl0034.jpg in Resources */,
				31E4229B247FC4BC008E896E /* LaunchScreen.storyboard in Resources */,
				31E422B7247FCBCE008E896E /* nssl0049.jpg in Resources */,
				31E422B2247FCBCE008E896E /* nssl0091.jpg in Resources */,
				31E42298247FC4BC008E896E /* Assets.xcassets in Resources */,
				31E422B4247FCBCE008E896E /* nssl0043.jpg in Resources */,
				31E42296247FC4BC008E896E /* Main.storyboard in Resources */,
			);
			runOnlyForDeploymentPostprocessing = 0;
		};
/* End PBXResourcesBuildPhase section */

/* Begin PBXSourcesBuildPhase section */
		31E42287247FC4BC008E896E /* Sources */ = {
			isa = PBXSourcesBuildPhase;
			buildActionMask = 2147483647;
			files = (
				31E42293247FC4BC008E896E /* ViewController.swift in Sources */,
				31E422BD247FDD1E008E896E /* DetailsVC.swift in Sources */,
				31E422A6247FC900008E896E /* ProjectOneVC.swift in Sources */,
				31E4228F247FC4BC008E896E /* AppDelegate.swift in Sources */,
			);
			runOnlyForDeploymentPostprocessing = 0;
		};
/* End PBXSourcesBuildPhase section */

/* Begin PBXVariantGroup section */
		31E42294247FC4BC008E896E /* Main.storyboard */ = {
			isa = PBXVariantGroup;
			children = (
				31E42295247FC4BC008E896E /* Base */,
			);
			name = Main.storyboard;
			sourceTree = "<group>";
		};
		31E42299247FC4BC008E896E /* LaunchScreen.storyboard */ = {
			isa = PBXVariantGroup;
			children = (
				31E4229A247FC4BC008E896E /* Base */,
			);
			name = LaunchScreen.storyboard;
			sourceTree = "<group>";
		};
/* End PBXVariantGroup section */

/* Begin XCBuildConfiguration section */
		31E4229D247FC4BC008E896E /* Debug */ = {
			isa = XCBuildConfiguration;
			buildSettings = {
				ALWAYS_SEARCH_USER_PATHS = NO;
				CLANG_ANALYZER_NONNULL = YES;
				CLANG_ANALYZER_NUMBER_OBJECT_CONVERSION = YES_AGGRESSIVE;
				CLANG_CXX_LANGUAGE_STANDARD = "gnu++14";
				CLANG_CXX_LIBRARY = "libc++";
				CLANG_ENABLE_MODULES = YES;
				CLANG_ENABLE_OBJC_ARC = YES;
				CLANG_ENABLE_OBJC_WEAK = YES;
				CLANG_WARN_BLOCK_CAPTURE_AUTORELEASING = YES;
				CLANG_WARN_BOOL_CONVERSION = YES;
				CLANG_WARN_COMMA = YES;
				CLANG_WARN_CONSTANT_CONVERSION = YES;
				CLANG_WARN_DEPRECATED_OBJC_IMPLEMENTATIONS = YES;
				CLANG_WARN_DIRECT_OBJC_ISA_USAGE = YES_ERROR;
				CLANG_WARN_DOCUMENTATION_COMMENTS = YES;
				CLANG_WARN_EMPTY_BODY = YES;
				CLANG_WARN_ENUM_CONVERSION = YES;
				CLANG_WARN_INFINITE_RECURSION = YES;
				CLANG_WARN_INT_CONVERSION = YES;
				CLANG_WARN_NON_LITERAL_NULL_CONVERSION = YES;
				CLANG_WARN_OBJC_IMPLICIT_RETAIN_SELF = YES;
				CLANG_WARN_OBJC_LITERAL_CONVERSION = YES;
				CLANG_WARN_OBJC_ROOT_CLASS = YES_ERROR;
				CLANG_WARN_RANGE_LOOP_ANALYSIS = YES;
				CLANG_WARN_STRICT_PROTOTYPES = YES;
				CLANG_WARN_SUSPICIOUS_MOVE = YES;
				CLANG_WARN_UNGUARDED_AVAILABILITY = YES_AGGRESSIVE;
				CLANG_WARN_UNREACHABLE_CODE = YES;
				CLANG_WARN__DUPLICATE_METHOD_MATCH = YES;
				COPY_PHASE_STRIP = NO;
				DEBUG_INFORMATION_FORMAT = dwarf;
				ENABLE_STRICT_OBJC_MSGSEND = YES;
				ENABLE_TESTABILITY = YES;
				GCC_C_LANGUAGE_STANDARD = gnu11;
				GCC_DYNAMIC_NO_PIC = NO;
				GCC_NO_COMMON_BLOCKS = YES;
				GCC_OPTIMIZATION_LEVEL = 0;
				GCC_PREPROCESSOR_DEFINITIONS = (
					"DEBUG=1",
					"$(inherited)",
				);
				GCC_WARN_64_TO_32_BIT_CONVERSION = YES;
				GCC_WARN_ABOUT_RETURN_TYPE = YES_ERROR;
				GCC_WARN_UNDECLARED_SELECTOR = YES;
				GCC_WARN_UNINITIALIZED_AUTOS = YES_AGGRESSIVE;
				GCC_WARN_UNUSED_FUNCTION = YES;
				GCC_WARN_UNUSED_VARIABLE = YES;
				IPHONEOS_DEPLOYMENT_TARGET = 13.5;
				MTL_ENABLE_DEBUG_INFO = INCLUDE_SOURCE;
				MTL_FAST_MATH = YES;
				ONLY_ACTIVE_ARCH = YES;
				SDKROOT = iphoneos;
				SWIFT_ACTIVE_COMPILATION_CONDITIONS = DEBUG;
				SWIFT_OPTIMIZATION_LEVEL = "-Onone";
			};
			name = Debug;
		};
		31E4229E247FC4BC008E896E /* Release */ = {
			isa = XCBuildConfiguration;
			buildSettings = {
				ALWAYS_SEARCH_USER_PATHS = NO;
				CLANG_ANALYZER_NONNULL = YES;
				CLANG_ANALYZER_NUMBER_OBJECT_CONVERSION = YES_AGGRESSIVE;
				CLANG_CXX_LANGUAGE_STANDARD = "gnu++14";
				CLANG_CXX_LIBRARY = "libc++";
				CLANG_ENABLE_MODULES = YES;
				CLANG_ENABLE_OBJC_ARC = YES;
				CLANG_ENABLE_OBJC_WEAK = YES;
				CLANG_WARN_BLOCK_CAPTURE_AUTORELEASING = YES;
				CLANG_WARN_BOOL_CONVERSION = YES;
				CLANG_WARN_COMMA = YES;
				CLANG_WARN_CONSTANT_CONVERSION = YES;
				CLANG_WARN_DEPRECATED_OBJC_IMPLEMENTATIONS = YES;
				CLANG_WARN_DIRECT_OBJC_ISA_USAGE = YES_ERROR;
				CLANG_WARN_DOCUMENTATION_COMMENTS = YES;
				CLANG_WARN_EMPTY_BODY = YES;
				CLANG_WARN_ENUM_CONVERSION = YES;
				CLANG_WARN_INFINITE_RECURSION = YES;
				CLANG_WARN_INT_CONVERSION = YES;
				CLANG_WARN_NON_LITERAL_NULL_CONVERSION = YES;
				CLANG_WARN_OBJC_IMPLICIT_RETAIN_SELF = YES;
				CLANG_WARN_OBJC_LITERAL_CONVERSION = YES;
				CLANG_WARN_OBJC_ROOT_CLASS = YES_ERROR;
				CLANG_WARN_RANGE_LOOP_ANALYSIS = YES;
				CLANG_WARN_STRICT_PROTOTYPES = YES;
				CLANG_WARN_SUSPICIOUS_MOVE = YES;
				CLANG_WARN_UNGUARDED_AVAILABILITY = YES_AGGRESSIVE;
				CLANG_WARN_UNREACHABLE_CODE = YES;
				CLANG_WARN__DUPLICATE_METHOD_MATCH = YES;
				COPY_PHASE_STRIP = NO;
				DEBUG_INFORMATION_FORMAT = "dwarf-with-dsym";
				ENABLE_NS_ASSERTIONS = NO;
				ENABLE_STRICT_OBJC_MSGSEND = YES;
				GCC_C_LANGUAGE_STANDARD = gnu11;
				GCC_NO_COMMON_BLOCKS = YES;
				GCC_WARN_64_TO_32_BIT_CONVERSION = YES;
				GCC_WARN_ABOUT_RETURN_TYPE = YES_ERROR;
				GCC_WARN_UNDECLARED_SELECTOR = YES;
				GCC_WARN_UNINITIALIZED_AUTOS = YES_AGGRESSIVE;
				GCC_WARN_UNUSED_FUNCTION = YES;
				GCC_WARN_UNUSED_VARIABLE = YES;
				IPHONEOS_DEPLOYMENT_TARGET = 13.5;
				MTL_ENABLE_DEBUG_INFO = NO;
				MTL_FAST_MATH = YES;
				SDKROOT = iphoneos;
				SWIFT_COMPILATION_MODE = wholemodule;
				SWIFT_OPTIMIZATION_LEVEL = "-O";
				VALIDATE_PRODUCT = YES;
			};
			name = Release;
		};
		31E422A0247FC4BC008E896E /* Debug */ = {
			isa = XCBuildConfiguration;
			buildSettings = {
				ASSETCATALOG_COMPILER_APPICON_NAME = AppIcon;
				CODE_SIGN_STYLE = Automatic;
				DEVELOPMENT_TEAM = 735VZ4VN4Q;
				INFOPLIST_FILE = HackingWithSwiftProjects/Info.plist;
				LD_RUNPATH_SEARCH_PATHS = (
					"$(inherited)",
					"@executable_path/Frameworks",
				);
				PRODUCT_BUNDLE_IDENTIFIER = com.ahmedAbuelmagd.HackingWithSwiftProjects;
				PRODUCT_NAME = "$(TARGET_NAME)";
				SWIFT_VERSION = 5.0;
				TARGETED_DEVICE_FAMILY = "1,2";
			};
			name = Debug;
		};
		31E422A1247FC4BC008E896E /* Release */ = {
			isa = XCBuildConfiguration;
			buildSettings = {
				ASSETCATALOG_COMPILER_APPICON_NAME = AppIcon;
				CODE_SIGN_STYLE = Automatic;
				DEVELOPMENT_TEAM = 735VZ4VN4Q;
				INFOPLIST_FILE = HackingWithSwiftProjects/Info.plist;
				LD_RUNPATH_SEARCH_PATHS = (
					"$(inherited)",
					"@executable_path/Frameworks",
				);
				PRODUCT_BUNDLE_IDENTIFIER = com.ahmedAbuelmagd.HackingWithSwiftProjects;
				PRODUCT_NAME = "$(TARGET_NAME)";
				SWIFT_VERSION = 5.0;
				TARGETED_DEVICE_FAMILY = "1,2";
			};
			name = Release;
		};
/* End XCBuildConfiguration section */

/* Begin XCConfigurationList section */
		31E42286247FC4BC008E896E /* Build configuration list for PBXProject "HackingWithSwiftProjects" */ = {
			isa = XCConfigurationList;
			buildConfigurations = (
				31E4229D247FC4BC008E896E /* Debug */,
				31E4229E247FC4BC008E896E /* Release */,
			);
			defaultConfigurationIsVisible = 0;
			defaultConfigurationName = Release;
		};
		31E4229F247FC4BC008E896E /* Build configuration list for PBXNativeTarget "HackingWithSwiftProjects" */ = {
			isa = XCConfigurationList;
			buildConfigurations = (
				31E422A0247FC4BC008E896E /* Debug */,
				31E422A1247FC4BC008E896E /* Release */,
			);
			defaultConfigurationIsVisible = 0;
			defaultConfigurationName = Release;
		};
/* End XCConfigurationList section */
	};
	rootObject = 31E42283247FC4BC008E896E /* Project object */;
}
